
Microsoft Visual Studio Solution File, Format Version 12.00
# Visual Studio 15
VisualStudioVersion = 15.0.28307.1525
MinimumVisualStudioVersion = 10.0.40219.1
Project("{2150E333-8FDC-42A3-9474-1A3956D46DE8}") = "Algorithm4", "Algorithm4", "{BEBB7542-F458-4075-95AB-2A48304FCC33}"
EndProject
Project("{FAE04EC0-301F-11D3-BF4B-00C04F79EFBC}") = "UnionFind", "Algorithm4\UnionFind\UnionFind.csproj", "{9B046DE3-4D2C-4583-A371-E386D1C0BB7C}"
EndProject
Project("{FAE04EC0-301F-11D3-BF4B-00C04F79EFBC}") = "Sort", "Algorithm4\Sort\Sort.csproj", "{7CE71972-4BCA-46F2-A890-983AFFD74526}"
EndProject
Project("{FAE04EC0-301F-11D3-BF4B-00C04F79EFBC}") = "BST", "Algorithm4\BST\BST.csproj", "{E7EFFABB-6001-46AB-9E28-43C5335C2B1D}"
EndProject
Project("{FAE04EC0-301F-11D3-BF4B-00C04F79EFBC}") = "Graph", "Algorithm4\Graph\Graph.csproj", "{A70FA724-9CAB-4E9B-9385-60E8579C6A09}"
EndProject
Project("{FAE04EC0-301F-11D3-BF4B-00C04F79EFBC}") = "Digraph", "Algorithm4\Digraph\Digraph.csproj", "{1E644420-404F-457D-AF74-3FD8CC62FF0F}"
EndProject
Project("{FAE04EC0-301F-11D3-BF4B-00C04F79EFBC}") = "EdgeWeightedDigraph", "Algorithm4\EdgeWeightedDigraph\EdgeWeightedDigraph.csproj", "{09DFD3E5-583D-4440-8D82-2E8F6B4A0AAB}"
EndProject
Project("{FAE04EC0-301F-11D3-BF4B-00C04F79EFBC}") = "EdgeWeightedGraph", "Algorithm4\EdgeWeightedGraph\EdgeWeightedGraph.csproj", "{8D715EC7-00C7-4938-951F-2AB525F14BCD}"
EndProject
Project("{2150E333-8FDC-42A3-9474-1A3956D46DE8}") = "PrimaryAlgorithm", "PrimaryAlgorithm", "{7D67DB9D-8E3A-4ADB-A5A4-09E870BA0513}"
EndProject
Project("{FAE04EC0-301F-11D3-BF4B-00C04F79EFBC}") = "PrimaryAlgorithm", "PrimaryAlgorithm\PrimaryAlgorithm.csproj", "{EC4550F3-6998-43F1-87C8-A97901EAAD9D}"
EndProject
Global
	GlobalSection(SolutionConfigurationPlatforms) = preSolution
		Debug|Any CPU = Debug|Any CPU
		Release|Any CPU = Release|Any CPU
	EndGlobalSection
	GlobalSection(ProjectConfigurationPlatforms) = postSolution
		{9B046DE3-4D2C-4583-A371-E386D1C0BB7C}.Debug|Any CPU.ActiveCfg = Debug|Any CPU
		{9B046DE3-4D2C-4583-A371-E386D1C0BB7C}.Debug|Any CPU.Build.0 = Debug|Any CPU
		{9B046DE3-4D2C-4583-A371-E386D1C0BB7C}.Release|Any CPU.ActiveCfg = Release|Any CPU
		{9B046DE3-4D2C-4583-A371-E386D1C0BB7C}.Release|Any CPU.Build.0 = Release|Any CPU
		{7CE71972-4BCA-46F2-A890-983AFFD74526}.Debug|Any CPU.ActiveCfg = Debug|Any CPU
		{7CE71972-4BCA-46F2-A890-983AFFD74526}.Debug|Any CPU.Build.0 = Debug|Any CPU
		{7CE71972-4BCA-46F2-A890-983AFFD74526}.Release|Any CPU.ActiveCfg = Release|Any CPU
		{7CE71972-4BCA-46F2-A890-983AFFD74526}.Release|Any CPU.Build.0 = Release|Any CPU
		{E7EFFABB-6001-46AB-9E28-43C5335C2B1D}.Debug|Any CPU.ActiveCfg = Debug|Any CPU
		{E7EFFABB-6001-46AB-9E28-43C5335C2B1D}.Debug|Any CPU.Build.0 = Debug|Any CPU
		{E7EFFABB-6001-46AB-9E28-43C5335C2B1D}.Release|Any CPU.ActiveCfg = Release|Any CPU
		{E7EFFABB-6001-46AB-9E28-43C5335C2B1D}.Release|Any CPU.Build.0 = Release|Any CPU
		{A70FA724-9CAB-4E9B-9385-60E8579C6A09}.Debug|Any CPU.ActiveCfg = Debug|Any CPU
		{A70FA724-9CAB-4E9B-9385-60E8579C6A09}.Debug|Any CPU.Build.0 = Debug|Any CPU
		{A70FA724-9CAB-4E9B-9385-60E8579C6A09}.Release|Any CPU.ActiveCfg = Release|Any CPU
		{A70FA724-9CAB-4E9B-9385-60E8579C6A09}.Release|Any CPU.Build.0 = Release|Any CPU
		{1E644420-404F-457D-AF74-3FD8CC62FF0F}.Debug|Any CPU.ActiveCfg = Debug|Any CPU
		{1E644420-404F-457D-AF74-3FD8CC62FF0F}.Debug|Any CPU.Build.0 = Debug|Any CPU
		{1E644420-404F-457D-AF74-3FD8CC62FF0F}.Release|Any CPU.ActiveCfg = Release|Any CPU
		{1E644420-404F-457D-AF74-3FD8CC62FF0F}.Release|Any CPU.Build.0 = Release|Any CPU
		{09DFD3E5-583D-4440-8D82-2E8F6B4A0AAB}.Debug|Any CPU.ActiveCfg = Debug|Any CPU
		{09DFD3E5-583D-4440-8D82-2E8F6B4A0AAB}.Debug|Any CPU.Build.0 = Debug|Any CPU
		{09DFD3E5-583D-4440-8D82-2E8F6B4A0AAB}.Release|Any CPU.ActiveCfg = Release|Any CPU
		{09DFD3E5-583D-4440-8D82-2E8F6B4A0AAB}.Release|Any CPU.Build.0 = Release|Any CPU
		{8D715EC7-00C7-4938-951F-2AB525F14BCD}.Debug|Any CPU.ActiveCfg = Debug|Any CPU
		{8D715EC7-00C7-4938-951F-2AB525F14BCD}.Debug|Any CPU.Build.0 = Debug|Any CPU
		{8D715EC7-00C7-4938-951F-2AB525F14BCD}.Release|Any CPU.ActiveCfg = Release|Any CPU
		{8D715EC7-00C7-4938-951F-2AB525F14BCD}.Release|Any CPU.Build.0 = Release|Any CPU
		{EC4550F3-6998-43F1-87C8-A97901EAAD9D}.Debug|Any CPU.ActiveCfg = Debug|Any CPU
		{EC4550F3-6998-43F1-87C8-A97901EAAD9D}.Debug|Any CPU.Build.0 = Debug|Any CPU
		{EC4550F3-6998-43F1-87C8-A97901EAAD9D}.Release|Any CPU.ActiveCfg = Release|Any CPU
		{EC4550F3-6998-43F1-87C8-A97901EAAD9D}.Release|Any CPU.Build.0 = Release|Any CPU
	EndGlobalSection
	GlobalSection(SolutionProperties) = preSolution
		HideSolutionNode = FALSE
	EndGlobalSection
	GlobalSection(NestedProjects) = preSolution
		{9B046DE3-4D2C-4583-A371-E386D1C0BB7C} = {BEBB7542-F458-4075-95AB-2A48304FCC33}
		{7CE71972-4BCA-46F2-A890-983AFFD74526} = {BEBB7542-F458-4075-95AB-2A48304FCC33}
		{E7EFFABB-6001-46AB-9E28-43C5335C2B1D} = {BEBB7542-F458-4075-95AB-2A48304FCC33}
		{A70FA724-9CAB-4E9B-9385-60E8579C6A09} = {BEBB7542-F458-4075-95AB-2A48304FCC33}
		{1E644420-404F-457D-AF74-3FD8CC62FF0F} = {BEBB7542-F458-4075-95AB-2A48304FCC33}
		{09DFD3E5-583D-4440-8D82-2E8F6B4A0AAB} = {BEBB7542-F458-4075-95AB-2A48304FCC33}
		{8D715EC7-00C7-4938-951F-2AB525F14BCD} = {BEBB7542-F458-4075-95AB-2A48304FCC33}
		{EC4550F3-6998-43F1-87C8-A97901EAAD9D} = {7D67DB9D-8E3A-4ADB-A5A4-09E870BA0513}
	EndGlobalSection
	GlobalSection(ExtensibilityGlobals) = postSolution
		SolutionGuid = {50DB0674-A0B8-46CC-BF2D-44ECBA30E9C2}
	EndGlobalSection
EndGlobal
